
Microsoft Visual Studio Solution File, Format Version 12.00
# Visual Studio Version 17
VisualStudioVersion = 17.0.31903.59
MinimumVisualStudioVersion = 10.0.40219.1
Project("{2150E333-8FDC-42A3-9474-1A3956D46DE8}") = "src", "src", "{827E0CD3-B72D-47B6-A68D-7590B98EB39B}"
EndProject
Project("{FAE04EC0-301F-11D3-BF4B-00C04F79EFBC}") = "LumNotas.Core", "src\LumNotas.Core\LumNotas.Core.csproj", "{097D39DD-BB91-41BA-BFC6-6C29134E1179}"
EndProject
Project("{FAE04EC0-301F-11D3-BF4B-00C04F79EFBC}") = "LumNotas.Core.Tests", "tests\LumNotas.Core.Tests\LumNotas.Core.Tests.csproj", "{0AB7F294-1CCF-486B-BAFE-1F2B9201F9A7}"
EndProject
Project("{FAE04EC0-301F-11D3-BF4B-00C04F79EFBC}") = "LumNotas.Storage", "src\LumNotas.Storage\LumNotas.Storage.csproj", "{753B9479-578B-4380-BC64-1B08CF91271C}"
EndProject
Project("{FAE04EC0-301F-11D3-BF4B-00C04F79EFBC}") = "LumNotas.App", "src\LumNotas.App\LumNotas.App.csproj", "{9E5CCDFB-711D-47E6-9C71-B774D7B3449F}"
EndProject
Project("{FAE04EC0-301F-11D3-BF4B-00C04F79EFBC}") = "LumNotas.Report", "src\LumNotas.Report\LumNotas.Report.csproj", "{D5A647FC-8757-4C3E-85FF-C9C965373DA9}"
EndProject
Project("{FAE04EC0-301F-11D3-BF4B-00C04F79EFBC}") = "LumNotas.Lanzador", "src\LumNotas.Lanzador\LumNotas.Lanzador.csproj", "{B7CC924C-D2B4-43CC-8485-0ED031580E29}"
EndProject
Global
	GlobalSection(SolutionConfigurationPlatforms) = preSolution
		Debug|Any CPU = Debug|Any CPU
		Debug|x64 = Debug|x64
		Debug|x86 = Debug|x86
		Release|Any CPU = Release|Any CPU
		Release|x64 = Release|x64
		Release|x86 = Release|x86
	EndGlobalSection
	GlobalSection(ProjectConfigurationPlatforms) = postSolution
		{097D39DD-BB91-41BA-BFC6-6C29134E1179}.Debug|Any CPU.ActiveCfg = Debug|Any CPU
		{097D39DD-BB91-41BA-BFC6-6C29134E1179}.Debug|Any CPU.Build.0 = Debug|Any CPU
		{097D39DD-BB91-41BA-BFC6-6C29134E1179}.Debug|x64.ActiveCfg = Debug|Any CPU
		{097D39DD-BB91-41BA-BFC6-6C29134E1179}.Debug|x64.Build.0 = Debug|Any CPU
		{097D39DD-BB91-41BA-BFC6-6C29134E1179}.Debug|x86.ActiveCfg = Debug|Any CPU
		{097D39DD-BB91-41BA-BFC6-6C29134E1179}.Debug|x86.Build.0 = Debug|Any CPU
		{097D39DD-BB91-41BA-BFC6-6C29134E1179}.Release|Any CPU.ActiveCfg = Release|Any CPU
		{097D39DD-BB91-41BA-BFC6-6C29134E1179}.Release|Any CPU.Build.0 = Release|Any CPU
		{097D39DD-BB91-41BA-BFC6-6C29134E1179}.Release|x64.ActiveCfg = Release|Any CPU
		{097D39DD-BB91-41BA-BFC6-6C29134E1179}.Release|x64.Build.0 = Release|Any CPU
		{097D39DD-BB91-41BA-BFC6-6C29134E1179}.Release|x86.ActiveCfg = Release|Any CPU
		{097D39DD-BB91-41BA-BFC6-6C29134E1179}.Release|x86.Build.0 = Release|Any CPU
		{0AB7F294-1CCF-486B-BAFE-1F2B9201F9A7}.Debug|Any CPU.ActiveCfg = Debug|Any CPU
		{0AB7F294-1CCF-486B-BAFE-1F2B9201F9A7}.Debug|Any CPU.Build.0 = Debug|Any CPU
		{0AB7F294-1CCF-486B-BAFE-1F2B9201F9A7}.Debug|x64.ActiveCfg = Debug|Any CPU
		{0AB7F294-1CCF-486B-BAFE-1F2B9201F9A7}.Debug|x64.Build.0 = Debug|Any CPU
		{0AB7F294-1CCF-486B-BAFE-1F2B9201F9A7}.Debug|x86.ActiveCfg = Debug|Any CPU
		{0AB7F294-1CCF-486B-BAFE-1F2B9201F9A7}.Debug|x86.Build.0 = Debug|Any CPU
		{0AB7F294-1CCF-486B-BAFE-1F2B9201F9A7}.Release|Any CPU.ActiveCfg = Release|Any CPU
		{0AB7F294-1CCF-486B-BAFE-1F2B9201F9A7}.Release|Any CPU.Build.0 = Release|Any CPU
		{0AB7F294-1CCF-486B-BAFE-1F2B9201F9A7}.Release|x64.ActiveCfg = Release|Any CPU
		{0AB7F294-1CCF-486B-BAFE-1F2B9201F9A7}.Release|x64.Build.0 = Release|Any CPU
		{0AB7F294-1CCF-486B-BAFE-1F2B9201F9A7}.Release|x86.ActiveCfg = Release|Any CPU
		{0AB7F294-1CCF-486B-BAFE-1F2B9201F9A7}.Release|x86.Build.0 = Release|Any CPU
		{753B9479-578B-4380-BC64-1B08CF91271C}.Debug|Any CPU.ActiveCfg = Debug|Any CPU
		{753B9479-578B-4380-BC64-1B08CF91271C}.Debug|Any CPU.Build.0 = Debug|Any CPU
		{753B9479-578B-4380-BC64-1B08CF91271C}.Debug|x64.ActiveCfg = Debug|Any CPU
		{753B9479-578B-4380-BC64-1B08CF91271C}.Debug|x64.Build.0 = Debug|Any CPU
		{753B9479-578B-4380-BC64-1B08CF91271C}.Debug|x86.ActiveCfg = Debug|Any CPU
		{753B9479-578B-4380-BC64-1B08CF91271C}.Debug|x86.Build.0 = Debug|Any CPU
		{753B9479-578B-4380-BC64-1B08CF91271C}.Release|Any CPU.ActiveCfg = Release|Any CPU
		{753B9479-578B-4380-BC64-1B08CF91271C}.Release|Any CPU.Build.0 = Release|Any CPU
		{753B9479-578B-4380-BC64-1B08CF91271C}.Release|x64.ActiveCfg = Release|Any CPU
		{753B9479-578B-4380-BC64-1B08CF91271C}.Release|x64.Build.0 = Release|Any CPU
		{753B9479-578B-4380-BC64-1B08CF91271C}.Release|x86.ActiveCfg = Release|Any CPU
		{753B9479-578B-4380-BC64-1B08CF91271C}.Release|x86.Build.0 = Release|Any CPU
		{9E5CCDFB-711D-47E6-9C71-B774D7B3449F}.Debug|Any CPU.ActiveCfg = Debug|Any CPU
		{9E5CCDFB-711D-47E6-9C71-B774D7B3449F}.Debug|Any CPU.Build.0 = Debug|Any CPU
		{9E5CCDFB-711D-47E6-9C71-B774D7B3449F}.Debug|x64.ActiveCfg = Debug|Any CPU
		{9E5CCDFB-711D-47E6-9C71-B774D7B3449F}.Debug|x64.Build.0 = Debug|Any CPU
		{9E5CCDFB-711D-47E6-9C71-B774D7B3449F}.Debug|x86.ActiveCfg = Debug|Any CPU
		{9E5CCDFB-711D-47E6-9C71-B774D7B3449F}.Debug|x86.Build.0 = Debug|Any CPU
		{9E5CCDFB-711D-47E6-9C71-B774D7B3449F}.Release|Any CPU.ActiveCfg = Release|Any CPU
		{9E5CCDFB-711D-47E6-9C71-B774D7B3449F}.Release|Any CPU.Build.0 = Release|Any CPU
		{9E5CCDFB-711D-47E6-9C71-B774D7B3449F}.Release|x64.ActiveCfg = Release|Any CPU
		{9E5CCDFB-711D-47E6-9C71-B774D7B3449F}.Release|x64.Build.0 = Release|Any CPU
		{9E5CCDFB-711D-47E6-9C71-B774D7B3449F}.Release|x86.ActiveCfg = Release|Any CPU
		{9E5CCDFB-711D-47E6-9C71-B774D7B3449F}.Release|x86.Build.0 = Release|Any CPU
		{D5A647FC-8757-4C3E-85FF-C9C965373DA9}.Debug|Any CPU.ActiveCfg = Debug|Any CPU
		{D5A647FC-8757-4C3E-85FF-C9C965373DA9}.Debug|Any CPU.Build.0 = Debug|Any CPU
		{D5A647FC-8757-4C3E-85FF-C9C965373DA9}.Debug|x64.ActiveCfg = Debug|Any CPU
		{D5A647FC-8757-4C3E-85FF-C9C965373DA9}.Debug|x64.Build.0 = Debug|Any CPU
		{D5A647FC-8757-4C3E-85FF-C9C965373DA9}.Debug|x86.ActiveCfg = Debug|Any CPU
		{D5A647FC-8757-4C3E-85FF-C9C965373DA9}.Debug|x86.Build.0 = Debug|Any CPU
		{D5A647FC-8757-4C3E-85FF-C9C965373DA9}.Release|Any CPU.ActiveCfg = Release|Any CPU
		{D5A647FC-8757-4C3E-85FF-C9C965373DA9}.Release|Any CPU.Build.0 = Release|Any CPU
		{D5A647FC-8757-4C3E-85FF-C9C965373DA9}.Release|x64.ActiveCfg = Release|Any CPU
		{D5A647FC-8757-4C3E-85FF-C9C965373DA9}.Release|x64.Build.0 = Release|Any CPU
		{D5A647FC-8757-4C3E-85FF-C9C965373DA9}.Release|x86.ActiveCfg = Release|Any CPU
		{D5A647FC-8757-4C3E-85FF-C9C965373DA9}.Release|x86.Build.0 = Release|Any CPU
		{B7CC924C-D2B4-43CC-8485-0ED031580E29}.Debug|Any CPU.ActiveCfg = Debug|Any CPU
		{B7CC924C-D2B4-43CC-8485-0ED031580E29}.Debug|Any CPU.Build.0 = Debug|Any CPU
		{B7CC924C-D2B4-43CC-8485-0ED031580E29}.Debug|x64.ActiveCfg = Debug|Any CPU
		{B7CC924C-D2B4-43CC-8485-0ED031580E29}.Debug|x64.Build.0 = Debug|Any CPU
		{B7CC924C-D2B4-43CC-8485-0ED031580E29}.Debug|x86.ActiveCfg = Debug|Any CPU
		{B7CC924C-D2B4-43CC-8485-0ED031580E29}.Debug|x86.Build.0 = Debug|Any CPU
		{B7CC924C-D2B4-43CC-8485-0ED031580E29}.Release|Any CPU.ActiveCfg = Release|Any CPU
		{B7CC924C-D2B4-43CC-8485-0ED031580E29}.Release|Any CPU.Build.0 = Release|Any CPU
		{B7CC924C-D2B4-43CC-8485-0ED031580E29}.Release|x64.ActiveCfg = Release|Any CPU
		{B7CC924C-D2B4-43CC-8485-0ED031580E29}.Release|x64.Build.0 = Release|Any CPU
		{B7CC924C-D2B4-43CC-8485-0ED031580E29}.Release|x86.ActiveCfg = Release|Any CPU
		{B7CC924C-D2B4-43CC-8485-0ED031580E29}.Release|x86.Build.0 = Release|Any CPU
	EndGlobalSection
	GlobalSection(SolutionProperties) = preSolution
		HideSolutionNode = FALSE
	EndGlobalSection
	GlobalSection(NestedProjects) = preSolution
		{097D39DD-BB91-41BA-BFC6-6C29134E1179} = {827E0CD3-B72D-47B6-A68D-7590B98EB39B}
		{0AB7F294-1CCF-486B-BAFE-1F2B9201F9A7} = {827E0CD3-B72D-47B6-A68D-7590B98EB39B}
		{753B9479-578B-4380-BC64-1B08CF91271C} = {827E0CD3-B72D-47B6-A68D-7590B98EB39B}
		{9E5CCDFB-711D-47E6-9C71-B774D7B3449F} = {827E0CD3-B72D-47B6-A68D-7590B98EB39B}
		{D5A647FC-8757-4C3E-85FF-C9C965373DA9} = {827E0CD3-B72D-47B6-A68D-7590B98EB39B}
		{B7CC924C-D2B4-43CC-8485-0ED031580E29} = {827E0CD3-B72D-47B6-A68D-7590B98EB39B}
	EndGlobalSection
EndGlobal
